
Microsoft Visual Studio Solution File, Format Version 12.00
# Visual Studio Version 17
VisualStudioVersion = 17.0.32014.148
MinimumVisualStudioVersion = 10.0.40219.1
Project("{FAE04EC0-301F-11D3-BF4B-00C04F79EFBC}") = "Net5.R.InfraAlu.Data", "Net5.R.InfraAlu.Data\Net5.R.InfraAlu.Data.csproj", "{C24EB47E-712B-4F1F-AEBF-D4B1183C70F1}"
EndProject
Project("{FAE04EC0-301F-11D3-BF4B-00C04F79EFBC}") = "Net5.R.API", "Net5.R.API\Net5.R.API.csproj", "{A1D9E695-CD8F-4C64-B846-31A28D89B8EB}"
EndProject
Project("{FAE04EC0-301F-11D3-BF4B-00C04F79EFBC}") = "Net5.R.InfraAlu.CrossCutting", "Net5.R.InfraAlu.CrossCutting\Net5.R.InfraAlu.CrossCutting.csproj", "{D5F7609C-032C-4645-AD7B-76FD3DE3216E}"
EndProject
Global
	GlobalSection(SolutionConfigurationPlatforms) = preSolution
		Debug|Any CPU = Debug|Any CPU
		Release|Any CPU = Release|Any CPU
	EndGlobalSection
	GlobalSection(ProjectConfigurationPlatforms) = postSolution
		{C24EB47E-712B-4F1F-AEBF-D4B1183C70F1}.Debug|Any CPU.ActiveCfg = Debug|Any CPU
		{C24EB47E-712B-4F1F-AEBF-D4B1183C70F1}.Debug|Any CPU.Build.0 = Debug|Any CPU
		{C24EB47E-712B-4F1F-AEBF-D4B1183C70F1}.Release|Any CPU.ActiveCfg = Release|Any CPU
		{C24EB47E-712B-4F1F-AEBF-D4B1183C70F1}.Release|Any CPU.Build.0 = Release|Any CPU
		{A1D9E695-CD8F-4C64-B846-31A28D89B8EB}.Debug|Any CPU.ActiveCfg = Debug|Any CPU
		{A1D9E695-CD8F-4C64-B846-31A28D89B8EB}.Debug|Any CPU.Build.0 = Debug|Any CPU
		{A1D9E695-CD8F-4C64-B846-31A28D89B8EB}.Release|Any CPU.ActiveCfg = Release|Any CPU
		{A1D9E695-CD8F-4C64-B846-31A28D89B8EB}.Release|Any CPU.Build.0 = Release|Any CPU
		{D5F7609C-032C-4645-AD7B-76FD3DE3216E}.Debug|Any CPU.ActiveCfg = Debug|Any CPU
		{D5F7609C-032C-4645-AD7B-76FD3DE3216E}.Debug|Any CPU.Build.0 = Debug|Any CPU
		{D5F7609C-032C-4645-AD7B-76FD3DE3216E}.Release|Any CPU.ActiveCfg = Release|Any CPU
		{D5F7609C-032C-4645-AD7B-76FD3DE3216E}.Release|Any CPU.Build.0 = Release|Any CPU
	EndGlobalSection
	GlobalSection(SolutionProperties) = preSolution
		HideSolutionNode = FALSE
	EndGlobalSection
	GlobalSection(ExtensibilityGlobals) = postSolution
		SolutionGuid = {B95493A9-2C88-424F-9B60-B7AAAF8A44B4}
	EndGlobalSection
EndGlobal
